
Microsoft Visual Studio Solution File, Format Version 12.00
# Visual Studio Version 17
VisualStudioVersion = 17.14.36109.1 d17.14
MinimumVisualStudioVersion = 10.0.40219.1
Project("{FAE04EC0-301F-11D3-BF4B-00C04F79EFBC}") = "GUI Course work1", "GUI Course work1\GUI Course work1.csproj", "{EDC3ABE3-87E6-4B1D-9EFA-85E12010C279}"
EndProject
Global
	GlobalSection(SolutionConfigurationPlatforms) = preSolution
		Debug|Any CPU = Debug|Any CPU
		Release|Any CPU = Release|Any CPU
	EndGlobalSection
	GlobalSection(ProjectConfigurationPlatforms) = postSolution
		{EDC3ABE3-87E6-4B1D-9EFA-85E12010C279}.Debug|Any CPU.ActiveCfg = Debug|Any CPU
		{EDC3ABE3-87E6-4B1D-9EFA-85E12010C279}.Debug|Any CPU.Build.0 = Debug|Any CPU
		{EDC3ABE3-87E6-4B1D-9EFA-85E12010C279}.Release|Any CPU.ActiveCfg = Release|Any CPU
		{EDC3ABE3-87E6-4B1D-9EFA-85E12010C279}.Release|Any CPU.Build.0 = Release|Any CPU
	EndGlobalSection
	GlobalSection(SolutionProperties) = preSolution
		HideSolutionNode = FALSE
	EndGlobalSection
	GlobalSection(ExtensibilityGlobals) = postSolution
		SolutionGuid = {1CF7B375-99D9-4B55-AB94-089B640382EF}
	EndGlobalSection
EndGlobal
